
Microsoft Visual Studio Solution File, Format Version 12.00
# Visual Studio Version 17
VisualStudioVersion = 17.8.34316.72
MinimumVisualStudioVersion = 10.0.40219.1
Project("{FAE04EC0-301F-11D3-BF4B-00C04F79EFBC}") = "felveteli", "felveteli\felveteli.csproj", "{06FAE5E5-C9F6-44FB-A9F4-D1245781CFF8}"
EndProject
Global
	GlobalSection(SolutionConfigurationPlatforms) = preSolution
		Debug|Any CPU = Debug|Any CPU
		Release|Any CPU = Release|Any CPU
	EndGlobalSection
	GlobalSection(ProjectConfigurationPlatforms) = postSolution
		{06FAE5E5-C9F6-44FB-A9F4-D1245781CFF8}.Debug|Any CPU.ActiveCfg = Debug|Any CPU
		{06FAE5E5-C9F6-44FB-A9F4-D1245781CFF8}.Debug|Any CPU.Build.0 = Debug|Any CPU
		{06FAE5E5-C9F6-44FB-A9F4-D1245781CFF8}.Release|Any CPU.ActiveCfg = Release|Any CPU
		{06FAE5E5-C9F6-44FB-A9F4-D1245781CFF8}.Release|Any CPU.Build.0 = Release|Any CPU
	EndGlobalSection
	GlobalSection(SolutionProperties) = preSolution
		HideSolutionNode = FALSE
	EndGlobalSection
	GlobalSection(ExtensibilityGlobals) = postSolution
		SolutionGuid = {C654408C-CF7A-480D-85C0-46918228B60F}
	EndGlobalSection
EndGlobal
